// !$*UTF8*$!
{
	archiveVersion = 1;
	classes = {
	};
	objectVersion = 55;
	objects = {

/* Begin PBXBuildFile section */
		C538B55A281D5E230030D529 /* MeetingTimerView.swift in Sources */ = {isa = PBXBuildFile; fileRef = C538B559281D5E230030D529 /* MeetingTimerView.swift */; };
		C538B55C281D61660030D529 /* SpeakerArc.swift in Sources */ = {isa = PBXBuildFile; fileRef = C538B55B281D61660030D529 /* SpeakerArc.swift */; };
		C538B55E281DA9B90030D529 /* SpeechRecognizer.swift in Sources */ = {isa = PBXBuildFile; fileRef = C538B55D281DA9B90030D529 /* SpeechRecognizer.swift */; };
		C538B560281DBDD20030D529 /* HistoryView.swift in Sources */ = {isa = PBXBuildFile; fileRef = C538B55F281DBDD20030D529 /* HistoryView.swift */; };
		C54193D9280A8B8300C18059 /* EditView.swift in Sources */ = {isa = PBXBuildFile; fileRef = C54193D8280A8B8300C18059 /* EditView.swift */; };
		C54193DB280A941C00C18059 /* ThemeView.swift in Sources */ = {isa = PBXBuildFile; fileRef = C54193DA280A941C00C18059 /* ThemeView.swift */; };
		C54193DD280A95E500C18059 /* ThemePicker.swift in Sources */ = {isa = PBXBuildFile; fileRef = C54193DC280A95E500C18059 /* ThemePicker.swift */; };
		C56B84A9281D31F30095FF79 /* ErrorWrapper.swift in Sources */ = {isa = PBXBuildFile; fileRef = C56B84A8281D31F30095FF79 /* ErrorWrapper.swift */; };
		C56B84AB281D32960095FF79 /* ErrorView.swift in Sources */ = {isa = PBXBuildFile; fileRef = C56B84AA281D32960095FF79 /* ErrorView.swift */; };
		C59128DA281C707400FBF918 /* ScrumStore.swift in Sources */ = {isa = PBXBuildFile; fileRef = C59128D9281C707400FBF918 /* ScrumStore.swift */; };
		C5A4ADC22809F92A00E57235 /* DetailView.swift in Sources */ = {isa = PBXBuildFile; fileRef = C5A4ADC12809F92A00E57235 /* DetailView.swift */; };
		C5A4ECC42809E82C00EFD1DC /* ScrumViews.swift in Sources */ = {isa = PBXBuildFile; fileRef = C5A4ECC32809E82C00EFD1DC /* ScrumViews.swift */; };
		C5C3B44228145EE5009DB349 /* ding.wav in Resources */ = {isa = PBXBuildFile; fileRef = C5C3B44128145EE5009DB349 /* ding.wav */; };
		C5CF350B2818929A00B95FA8 /* History.swift in Sources */ = {isa = PBXBuildFile; fileRef = C5CF350A2818929A00B95FA8 /* History.swift */; };
		C5D1E132280C64ED00473F99 /* MeetingHeaderView.swift in Sources */ = {isa = PBXBuildFile; fileRef = C5D1E131280C64ED00473F99 /* MeetingHeaderView.swift */; };
		C5D1E134280C68F300473F99 /* ScrumProgressViewStyle.swift in Sources */ = {isa = PBXBuildFile; fileRef = C5D1E133280C68F300473F99 /* ScrumProgressViewStyle.swift */; };
		C5D1E138280C8D9700473F99 /* MeetingFooterView.swift in Sources */ = {isa = PBXBuildFile; fileRef = C5D1E137280C8D9700473F99 /* MeetingFooterView.swift */; };
		C5F648D42803710D003C508B /* ScrumdingerApp.swift in Sources */ = {isa = PBXBuildFile; fileRef = C5F648D32803710D003C508B /* ScrumdingerApp.swift */; };
		C5F648D62803710D003C508B /* MeetingView.swift in Sources */ = {isa = PBXBuildFile; fileRef = C5F648D52803710D003C508B /* MeetingView.swift */; };
		C5F648D82803710E003C508B /* Assets.xcassets in Resources */ = {isa = PBXBuildFile; fileRef = C5F648D72803710E003C508B /* Assets.xcassets */; };
		C5F648DB2803710E003C508B /* Preview Assets.xcassets in Resources */ = {isa = PBXBuildFile; fileRef = C5F648DA2803710E003C508B /* Preview Assets.xcassets */; };
		C5F648E52803710E003C508B /* ScrumdingerTests.swift in Sources */ = {isa = PBXBuildFile; fileRef = C5F648E42803710E003C508B /* ScrumdingerTests.swift */; };
		C5F648EF2803710E003C508B /* ScrumdingerUITests.swift in Sources */ = {isa = PBXBuildFile; fileRef = C5F648EE2803710E003C508B /* ScrumdingerUITests.swift */; };
		C5F648F12803710E003C508B /* ScrumdingerUITestsLaunchTests.swift in Sources */ = {isa = PBXBuildFile; fileRef = C5F648F02803710E003C508B /* ScrumdingerUITestsLaunchTests.swift */; };
		C5F648FF2803780A003C508B /* Theme.swift in Sources */ = {isa = PBXBuildFile; fileRef = C5F648FE2803780A003C508B /* Theme.swift */; };
		C5F6490128037B7F003C508B /* DailyScrum.swift in Sources */ = {isa = PBXBuildFile; fileRef = C5F6490028037B7F003C508B /* DailyScrum.swift */; };
		C5F6490328037D1F003C508B /* CardView.swift in Sources */ = {isa = PBXBuildFile; fileRef = C5F6490228037D1E003C508B /* CardView.swift */; };
		C5F649052803802C003C508B /* TrailingIconLabelStyle.swift in Sources */ = {isa = PBXBuildFile; fileRef = C5F649042803802C003C508B /* TrailingIconLabelStyle.swift */; };
		C5F7FAFA280C98FA005C8454 /* AVPlayer+Ding.swift in Sources */ = {isa = PBXBuildFile; fileRef = C5F7FAF9280C98FA005C8454 /* AVPlayer+Ding.swift */; };
		C5F7FAFC280C9912005C8454 /* ScrumTimer.swift in Sources */ = {isa = PBXBuildFile; fileRef = C5F7FAFB280C9912005C8454 /* ScrumTimer.swift */; };
/* End PBXBuildFile section */

/* Begin PBXContainerItemProxy section */
		C5F648E12803710E003C508B /* PBXContainerItemProxy */ = {
			isa = PBXContainerItemProxy;
			containerPortal = C5F648C82803710D003C508B /* Project object */;
			proxyType = 1;
			remoteGlobalIDString = C5F648CF2803710D003C508B;
			remoteInfo = Scrumdinger;
		};
		C5F648EB2803710E003C508B /* PBXContainerItemProxy */ = {
			isa = PBXContainerItemProxy;
			containerPortal = C5F648C82803710D003C508B /* Project object */;
			proxyType = 1;
			remoteGlobalIDString = C5F648CF2803710D003C508B;
			remoteInfo = Scrumdinger;
		};
/* End PBXContainerItemProxy section */

/* Begin PBXFileReference section */
		C538B559281D5E230030D529 /* MeetingTimerView.swift */ = {isa = PBXFileReference; lastKnownFileType = sourcecode.swift; path = MeetingTimerView.swift; sourceTree = "<group>"; };
		C538B55B281D61660030D529 /* SpeakerArc.swift */ = {isa = PBXFileReference; lastKnownFileType = sourcecode.swift; path = SpeakerArc.swift; sourceTree = "<group>"; };
		C538B55D281DA9B90030D529 /* SpeechRecognizer.swift */ = {isa = PBXFileReference; lastKnownFileType = sourcecode.swift; path = SpeechRecognizer.swift; sourceTree = "<group>"; };
		C538B55F281DBDD20030D529 /* HistoryView.swift */ = {isa = PBXFileReference; lastKnownFileType = sourcecode.swift; path = HistoryView.swift; sourceTree = "<group>"; };
		C54193D8280A8B8300C18059 /* EditView.swift */ = {isa = PBXFileReference; lastKnownFileType = sourcecode.swift; path = EditView.swift; sourceTree = "<group>"; };
		C54193DA280A941C00C18059 /* ThemeView.swift */ = {isa = PBXFileReference; lastKnownFileType = sourcecode.swift; path = ThemeView.swift; sourceTree = "<group>"; };
		C54193DC280A95E500C18059 /* ThemePicker.swift */ = {isa = PBXFileReference; lastKnownFileType = sourcecode.swift; path = ThemePicker.swift; sourceTree = "<group>"; };
		C56B84A8281D31F30095FF79 /* ErrorWrapper.swift */ = {isa = PBXFileReference; lastKnownFileType = sourcecode.swift; path = ErrorWrapper.swift; sourceTree = "<group>"; };
		C56B84AA281D32960095FF79 /* ErrorView.swift */ = {isa = PBXFileReference; lastKnownFileType = sourcecode.swift; path = ErrorView.swift; sourceTree = "<group>"; };
		C59128D9281C707400FBF918 /* ScrumStore.swift */ = {isa = PBXFileReference; lastKnownFileType = sourcecode.swift; path = ScrumStore.swift; sourceTree = "<group>"; };
		C5A4ADC12809F92A00E57235 /* DetailView.swift */ = {isa = PBXFileReference; lastKnownFileType = sourcecode.swift; path = DetailView.swift; sourceTree = "<group>"; };
		C5A4ECC32809E82C00EFD1DC /* ScrumViews.swift */ = {isa = PBXFileReference; lastKnownFileType = sourcecode.swift; path = ScrumViews.swift; sourceTree = "<group>"; };
		C5C3B44128145EE5009DB349 /* ding.wav */ = {isa = PBXFileReference; lastKnownFileType = audio.wav; path = ding.wav; sourceTree = "<group>"; };
		C5CF350A2818929A00B95FA8 /* History.swift */ = {isa = PBXFileReference; lastKnownFileType = sourcecode.swift; path = History.swift; sourceTree = "<group>"; };
		C5D1E131280C64ED00473F99 /* MeetingHeaderView.swift */ = {isa = PBXFileReference; lastKnownFileType = sourcecode.swift; path = MeetingHeaderView.swift; sourceTree = "<group>"; };
		C5D1E133280C68F300473F99 /* ScrumProgressViewStyle.swift */ = {isa = PBXFileReference; lastKnownFileType = sourcecode.swift; path = ScrumProgressViewStyle.swift; sourceTree = "<group>"; };
		C5D1E137280C8D9700473F99 /* MeetingFooterView.swift */ = {isa = PBXFileReference; lastKnownFileType = sourcecode.swift; path = MeetingFooterView.swift; sourceTree = "<group>"; };
		C5F648D02803710D003C508B /* Scrumdinger.app */ = {isa = PBXFileReference; explicitFileType = wrapper.application; includeInIndex = 0; path = Scrumdinger.app; sourceTree = BUILT_PRODUCTS_DIR; };
		C5F648D32803710D003C508B /* ScrumdingerApp.swift */ = {isa = PBXFileReference; lastKnownFileType = sourcecode.swift; path = ScrumdingerApp.swift; sourceTree = "<group>"; };
		C5F648D52803710D003C508B /* MeetingView.swift */ = {isa = PBXFileReference; lastKnownFileType = sourcecode.swift; path = MeetingView.swift; sourceTree = "<group>"; };
		C5F648D72803710E003C508B /* Assets.xcassets */ = {isa = PBXFileReference; lastKnownFileType = folder.assetcatalog; path = Assets.xcassets; sourceTree = "<group>"; };
		C5F648DA2803710E003C508B /* Preview Assets.xcassets */ = {isa = PBXFileReference; lastKnownFileType = folder.assetcatalog; path = "Preview Assets.xcassets"; sourceTree = "<group>"; };
		C5F648E02803710E003C508B /* ScrumdingerTests.xctest */ = {isa = PBXFileReference; explicitFileType = wrapper.cfbundle; includeInIndex = 0; path = ScrumdingerTests.xctest; sourceTree = BUILT_PRODUCTS_DIR; };
		C5F648E42803710E003C508B /* ScrumdingerTests.swift */ = {isa = PBXFileReference; lastKnownFileType = sourcecode.swift; path = ScrumdingerTests.swift; sourceTree = "<group>"; };
		C5F648EA2803710E003C508B /* ScrumdingerUITests.xctest */ = {isa = PBXFileReference; explicitFileType = wrapper.cfbundle; includeInIndex = 0; path = ScrumdingerUITests.xctest; sourceTree = BUILT_PRODUCTS_DIR; };
		C5F648EE2803710E003C508B /* ScrumdingerUITests.swift */ = {isa = PBXFileReference; lastKnownFileType = sourcecode.swift; path = ScrumdingerUITests.swift; sourceTree = "<group>"; };
		C5F648F02803710E003C508B /* ScrumdingerUITestsLaunchTests.swift */ = {isa = PBXFileReference; lastKnownFileType = sourcecode.swift; path = ScrumdingerUITestsLaunchTests.swift; sourceTree = "<group>"; };
		C5F648FE2803780A003C508B /* Theme.swift */ = {isa = PBXFileReference; lastKnownFileType = sourcecode.swift; path = Theme.swift; sourceTree = "<group>"; };
		C5F6490028037B7F003C508B /* DailyScrum.swift */ = {isa = PBXFileReference; lastKnownFileType = sourcecode.swift; path = DailyScrum.swift; sourceTree = "<group>"; };
		C5F6490228037D1E003C508B /* CardView.swift */ = {isa = PBXFileReference; lastKnownFileType = sourcecode.swift; path = CardView.swift; sourceTree = "<group>"; };
		C5F649042803802C003C508B /* TrailingIconLabelStyle.swift */ = {isa = PBXFileReference; lastKnownFileType = sourcecode.swift; path = TrailingIconLabelStyle.swift; sourceTree = "<group>"; };
		C5F7FAF9280C98FA005C8454 /* AVPlayer+Ding.swift */ = {isa = PBXFileReference; lastKnownFileType = sourcecode.swift; path = "AVPlayer+Ding.swift"; sourceTree = "<group>"; };
		C5F7FAFB280C9912005C8454 /* ScrumTimer.swift */ = {isa = PBXFileReference; lastKnownFileType = sourcecode.swift; path = ScrumTimer.swift; sourceTree = "<group>"; };
/* End PBXFileReference section */

/* Begin PBXFrameworksBuildPhase section */
		C5F648CD2803710D003C508B /* Frameworks */ = {
			isa = PBXFrameworksBuildPhase;
			buildActionMask = 2147483647;
			files = (
			);
			runOnlyForDeploymentPostprocessing = 0;
		};
		C5F648DD2803710E003C508B /* Frameworks */ = {
			isa = PBXFrameworksBuildPhase;
			buildActionMask = 2147483647;
			files = (
			);
			runOnlyForDeploymentPostprocessing = 0;
		};
		C5F648E72803710E003C508B /* Frameworks */ = {
			isa = PBXFrameworksBuildPhase;
			buildActionMask = 2147483647;
			files = (
			);
			runOnlyForDeploymentPostprocessing = 0;
		};
/* End PBXFrameworksBuildPhase section */

/* Begin PBXGroup section */
		C55DFCEB280C570A00E42542 /* Views */ = {
			isa = PBXGroup;
			children = (
				C5F648D52803710D003C508B /* MeetingView.swift */,
				C5F6490228037D1E003C508B /* CardView.swift */,
				C5F649042803802C003C508B /* TrailingIconLabelStyle.swift */,
				C5A4ECC32809E82C00EFD1DC /* ScrumViews.swift */,
				C5A4ADC12809F92A00E57235 /* DetailView.swift */,
				C54193D8280A8B8300C18059 /* EditView.swift */,
				C54193DA280A941C00C18059 /* ThemeView.swift */,
				C54193DC280A95E500C18059 /* ThemePicker.swift */,
				C5D1E131280C64ED00473F99 /* MeetingHeaderView.swift */,
				C5D1E133280C68F300473F99 /* ScrumProgressViewStyle.swift */,
				C5D1E137280C8D9700473F99 /* MeetingFooterView.swift */,
				C56B84AA281D32960095FF79 /* ErrorView.swift */,
				C538B559281D5E230030D529 /* MeetingTimerView.swift */,
				C538B55B281D61660030D529 /* SpeakerArc.swift */,
				C538B55F281DBDD20030D529 /* HistoryView.swift */,
			);
			path = Views;
			sourceTree = "<group>";
		};
		C5C3B44028145EE5009DB349 /* Resources */ = {
			isa = PBXGroup;
			children = (
				C5C3B44128145EE5009DB349 /* ding.wav */,
			);
			path = Resources;
			sourceTree = "<group>";
		};
		C5F648C72803710D003C508B = {
			isa = PBXGroup;
			children = (
				C5F648D22803710D003C508B /* Scrumdinger */,
				C5F648E32803710E003C508B /* ScrumdingerTests */,
				C5F648ED2803710E003C508B /* ScrumdingerUITests */,
				C5F648D12803710D003C508B /* Products */,
			);
			sourceTree = "<group>";
		};
		C5F648D12803710D003C508B /* Products */ = {
			isa = PBXGroup;
			children = (
				C5F648D02803710D003C508B /* Scrumdinger.app */,
				C5F648E02803710E003C508B /* ScrumdingerTests.xctest */,
				C5F648EA2803710E003C508B /* ScrumdingerUITests.xctest */,
			);
			name = Products;
			sourceTree = "<group>";
		};
		C5F648D22803710D003C508B /* Scrumdinger */ = {
			isa = PBXGroup;
			children = (
				C5C3B44028145EE5009DB349 /* Resources */,
				C55DFCEB280C570A00E42542 /* Views */,
				C5F648FD280377F3003C508B /* Models */,
				C5F648D32803710D003C508B /* ScrumdingerApp.swift */,
				C5F648D72803710E003C508B /* Assets.xcassets */,
				C5F648D92803710E003C508B /* Preview Content */,
			);
			path = Scrumdinger;
			sourceTree = "<group>";
		};
		C5F648D92803710E003C508B /* Preview Content */ = {
			isa = PBXGroup;
			children = (
				C5F648DA2803710E003C508B /* Preview Assets.xcassets */,
			);
			path = "Preview Content";
			sourceTree = "<group>";
		};
		C5F648E32803710E003C508B /* ScrumdingerTests */ = {
			isa = PBXGroup;
			children = (
				C5F648E42803710E003C508B /* ScrumdingerTests.swift */,
			);
			path = ScrumdingerTests;
			sourceTree = "<group>";
		};
		C5F648ED2803710E003C508B /* ScrumdingerUITests */ = {
			isa = PBXGroup;
			children = (
				C5F648EE2803710E003C508B /* ScrumdingerUITests.swift */,
				C5F648F02803710E003C508B /* ScrumdingerUITestsLaunchTests.swift */,
			);
			path = ScrumdingerUITests;
			sourceTree = "<group>";
		};
		C5F648FD280377F3003C508B /* Models */ = {
			isa = PBXGroup;
			children = (
				C5F648FE2803780A003C508B /* Theme.swift */,
				C5F6490028037B7F003C508B /* DailyScrum.swift */,
				C5F7FAF9280C98FA005C8454 /* AVPlayer+Ding.swift */,
				C5F7FAFB280C9912005C8454 /* ScrumTimer.swift */,
				C5CF350A2818929A00B95FA8 /* History.swift */,
				C59128D9281C707400FBF918 /* ScrumStore.swift */,
				C56B84A8281D31F30095FF79 /* ErrorWrapper.swift */,
				C538B55D281DA9B90030D529 /* SpeechRecognizer.swift */,
			);
			path = Models;
			sourceTree = "<group>";
		};
/* End PBXGroup section */

/* Begin PBXNativeTarget section */
		C5F648CF2803710D003C508B /* Scrumdinger */ = {
			isa = PBXNativeTarget;
			buildConfigurationList = C5F648F42803710E003C508B /* Build configuration list for PBXNativeTarget "Scrumdinger" */;
			buildPhases = (
				C5F648CC2803710D003C508B /* Sources */,
				C5F648CD2803710D003C508B /* Frameworks */,
				C5F648CE2803710D003C508B /* Resources */,
			);
			buildRules = (
			);
			dependencies = (
			);
			name = Scrumdinger;
			productName = Scrumdinger;
			productReference = C5F648D02803710D003C508B /* Scrumdinger.app */;
			productType = "com.apple.product-type.application";
		};
		C5F648DF2803710E003C508B /* ScrumdingerTests */ = {
			isa = PBXNativeTarget;
			buildConfigurationList = C5F648F72803710E003C508B /* Build configuration list for PBXNativeTarget "ScrumdingerTests" */;
			buildPhases = (
				C5F648DC2803710E003C508B /* Sources */,
				C5F648DD2803710E003C508B /* Frameworks */,
				C5F648DE2803710E003C508B /* Resources */,
			);
			buildRules = (
			);
			dependencies = (
				C5F648E22803710E003C508B /* PBXTargetDependency */,
			);
			name = ScrumdingerTests;
			productName = ScrumdingerTests;
			productReference = C5F648E02803710E003C508B /* ScrumdingerTests.xctest */;
			productType = "com.apple.product-type.bundle.unit-test";
		};
		C5F648E92803710E003C508B /* ScrumdingerUITests */ = {
			isa = PBXNativeTarget;
			buildConfigurationList = C5F648FA2803710E003C508B /* Build configuration list for PBXNativeTarget "ScrumdingerUITests" */;
			buildPhases = (
				C5F648E62803710E003C508B /* Sources */,
				C5F648E72803710E003C508B /* Frameworks */,
				C5F648E82803710E003C508B /* Resources */,
			);
			buildRules = (
			);
			dependencies = (
				C5F648EC2803710E003C508B /* PBXTargetDependency */,
			);
			name = ScrumdingerUITests;
			productName = ScrumdingerUITests;
			productReference = C5F648EA2803710E003C508B /* ScrumdingerUITests.xctest */;
			productType = "com.apple.product-type.bundle.ui-testing";
		};
/* End PBXNativeTarget section */

/* Begin PBXProject section */
		C5F648C82803710D003C508B /* Project object */ = {
			isa = PBXProject;
			attributes = {
				BuildIndependentTargetsInParallel = 1;
				LastSwiftUpdateCheck = 1330;
				LastUpgradeCheck = 1330;
				TargetAttributes = {
					C5F648CF2803710D003C508B = {
						CreatedOnToolsVersion = 13.3;
					};
					C5F648DF2803710E003C508B = {
						CreatedOnToolsVersion = 13.3;
						TestTargetID = C5F648CF2803710D003C508B;
					};
					C5F648E92803710E003C508B = {
						CreatedOnToolsVersion = 13.3;
						TestTargetID = C5F648CF2803710D003C508B;
					};
				};
			};
			buildConfigurationList = C5F648CB2803710D003C508B /* Build configuration list for PBXProject "Scrumdinger" */;
			compatibilityVersion = "Xcode 13.0";
			developmentRegion = en;
			hasScannedForEncodings = 0;
			knownRegions = (
				en,
				Base,
			);
			mainGroup = C5F648C72803710D003C508B;
			productRefGroup = C5F648D12803710D003C508B /* Products */;
			projectDirPath = "";
			projectRoot = "";
			targets = (
				C5F648CF2803710D003C508B /* Scrumdinger */,
				C5F648DF2803710E003C508B /* ScrumdingerTests */,
				C5F648E92803710E003C508B /* ScrumdingerUITests */,
			);
		};
/* End PBXProject section */

/* Begin PBXResourcesBuildPhase section */
		C5F648CE2803710D003C508B /* Resources */ = {
			isa = PBXResourcesBuildPhase;
			buildActionMask = 2147483647;
			files = (
				C5C3B44228145EE5009DB349 /* ding.wav in Resources */,
				C5F648DB2803710E003C508B /* Preview Assets.xcassets in Resources */,
				C5F648D82803710E003C508B /* Assets.xcassets in Resources */,
			);
			runOnlyForDeploymentPostprocessing = 0;
		};
		C5F648DE2803710E003C508B /* Resources */ = {
			isa = PBXResourcesBuildPhase;
			buildActionMask = 2147483647;
			files = (
			);
			runOnlyForDeploymentPostprocessing = 0;
		};
		C5F648E82803710E003C508B /* Resources */ = {
			isa = PBXResourcesBuildPhase;
			buildActionMask = 2147483647;
			files = (
			);
			runOnlyForDeploymentPostprocessing = 0;
		};
/* End PBXResourcesBuildPhase section */

/* Begin PBXSourcesBuildPhase section */
		C5F648CC2803710D003C508B /* Sources */ = {
			isa = PBXSourcesBuildPhase;
			buildActionMask = 2147483647;
			files = (
				C5CF350B2818929A00B95FA8 /* History.swift in Sources */,
				C538B560281DBDD20030D529 /* HistoryView.swift in Sources */,
				C54193DD280A95E500C18059 /* ThemePicker.swift in Sources */,
				C5D1E134280C68F300473F99 /* ScrumProgressViewStyle.swift in Sources */,
				C5D1E138280C8D9700473F99 /* MeetingFooterView.swift in Sources */,
				C59128DA281C707400FBF918 /* ScrumStore.swift in Sources */,
				C5F6490128037B7F003C508B /* DailyScrum.swift in Sources */,
				C5F7FAFA280C98FA005C8454 /* AVPlayer+Ding.swift in Sources */,
				C5A4ADC22809F92A00E57235 /* DetailView.swift in Sources */,
				C5F7FAFC280C9912005C8454 /* ScrumTimer.swift in Sources */,
				C538B55A281D5E230030D529 /* MeetingTimerView.swift in Sources */,
				C5D1E132280C64ED00473F99 /* MeetingHeaderView.swift in Sources */,
				C56B84A9281D31F30095FF79 /* ErrorWrapper.swift in Sources */,
				C5F649052803802C003C508B /* TrailingIconLabelStyle.swift in Sources */,
				C5F648FF2803780A003C508B /* Theme.swift in Sources */,
				C5F648D62803710D003C508B /* MeetingView.swift in Sources */,
				C54193D9280A8B8300C18059 /* EditView.swift in Sources */,
				C538B55E281DA9B90030D529 /* SpeechRecognizer.swift in Sources */,
				C56B84AB281D32960095FF79 /* ErrorView.swift in Sources */,
				C5A4ECC42809E82C00EFD1DC /* ScrumViews.swift in Sources */,
				C5F648D42803710D003C508B /* ScrumdingerApp.swift in Sources */,
				C54193DB280A941C00C18059 /* ThemeView.swift in Sources */,
				C538B55C281D61660030D529 /* SpeakerArc.swift in Sources */,
				C5F6490328037D1F003C508B /* CardView.swift in Sources */,
			);
			runOnlyForDeploymentPostprocessing = 0;
		};
		C5F648DC2803710E003C508B /* Sources */ = {
			isa = PBXSourcesBuildPhase;
			buildActionMask = 2147483647;
			files = (
				C5F648E52803710E003C508B /* ScrumdingerTests.swift in Sources */,
			);
			runOnlyForDeploymentPostprocessing = 0;
		};
		C5F648E62803710E003C508B /* Sources */ = {
			isa = PBXSourcesBuildPhase;
			buildActionMask = 2147483647;
			files = (
				C5F648F12803710E003C508B /* ScrumdingerUITestsLaunchTests.swift in Sources */,
				C5F648EF2803710E003C508B /* ScrumdingerUITests.swift in Sources */,
			);
			runOnlyForDeploymentPostprocessing = 0;
		};
/* End PBXSourcesBuildPhase section */

/* Begin PBXTargetDependency section */
		C5F648E22803710E003C508B /* PBXTargetDependency */ = {
			isa = PBXTargetDependency;
			target = C5F648CF2803710D003C508B /* Scrumdinger */;
			targetProxy = C5F648E12803710E003C508B /* PBXContainerItemProxy */;
		};
		C5F648EC2803710E003C508B /* PBXTargetDependency */ = {
			isa = PBXTargetDependency;
			target = C5F648CF2803710D003C508B /* Scrumdinger */;
			targetProxy = C5F648EB2803710E003C508B /* PBXContainerItemProxy */;
		};
/* End PBXTargetDependency section */

/* Begin XCBuildConfiguration section */
		C5F648F22803710E003C508B /* Debug */ = {
			isa = XCBuildConfiguration;
			buildSettings = {
				ALWAYS_SEARCH_USER_PATHS = NO;
				CLANG_ANALYZER_NONNULL = YES;
				CLANG_ANALYZER_NUMBER_OBJECT_CONVERSION = YES_AGGRESSIVE;
				CLANG_CXX_LANGUAGE_STANDARD = "gnu++17";
				CLANG_ENABLE_MODULES = YES;
				CLANG_ENABLE_OBJC_ARC = YES;
				CLANG_ENABLE_OBJC_WEAK = YES;
				CLANG_WARN_BLOCK_CAPTURE_AUTORELEASING = YES;
				CLANG_WARN_BOOL_CONVERSION = YES;
				CLANG_WARN_COMMA = YES;
				CLANG_WARN_CONSTANT_CONVERSION = YES;
				CLANG_WARN_DEPRECATED_OBJC_IMPLEMENTATIONS = YES;
				CLANG_WARN_DIRECT_OBJC_ISA_USAGE = YES_ERROR;
				CLANG_WARN_DOCUMENTATION_COMMENTS = YES;
				CLANG_WARN_EMPTY_BODY = YES;
				CLANG_WARN_ENUM_CONVERSION = YES;
				CLANG_WARN_INFINITE_RECURSION = YES;
				CLANG_WARN_INT_CONVERSION = YES;
				CLANG_WARN_NON_LITERAL_NULL_CONVERSION = YES;
				CLANG_WARN_OBJC_IMPLICIT_RETAIN_SELF = YES;
				CLANG_WARN_OBJC_LITERAL_CONVERSION = YES;
				CLANG_WARN_OBJC_ROOT_CLASS = YES_ERROR;
				CLANG_WARN_QUOTED_INCLUDE_IN_FRAMEWORK_HEADER = YES;
				CLANG_WARN_RANGE_LOOP_ANALYSIS = YES;
				CLANG_WARN_STRICT_PROTOTYPES = YES;
				CLANG_WARN_SUSPICIOUS_MOVE = YES;
				CLANG_WARN_UNGUARDED_AVAILABILITY = YES_AGGRESSIVE;
				CLANG_WARN_UNREACHABLE_CODE = YES;
				CLANG_WARN__DUPLICATE_METHOD_MATCH = YES;
				COPY_PHASE_STRIP = NO;
				DEBUG_INFORMATION_FORMAT = dwarf;
				ENABLE_STRICT_OBJC_MSGSEND = YES;
				ENABLE_TESTABILITY = YES;
				GCC_C_LANGUAGE_STANDARD = gnu11;
				GCC_DYNAMIC_NO_PIC = NO;
				GCC_NO_COMMON_BLOCKS = YES;
				GCC_OPTIMIZATION_LEVEL = 0;
				GCC_PREPROCESSOR_DEFINITIONS = (
					"DEBUG=1",
					"$(inherited)",
				);
				GCC_WARN_64_TO_32_BIT_CONVERSION = YES;
				GCC_WARN_ABOUT_RETURN_TYPE = YES_ERROR;
				GCC_WARN_UNDECLARED_SELECTOR = YES;
				GCC_WARN_UNINITIALIZED_AUTOS = YES_AGGRESSIVE;
				GCC_WARN_UNUSED_FUNCTION = YES;
				GCC_WARN_UNUSED_VARIABLE = YES;
				IPHONEOS_DEPLOYMENT_TARGET = 15.4;
				MTL_ENABLE_DEBUG_INFO = INCLUDE_SOURCE;
				MTL_FAST_MATH = YES;
				ONLY_ACTIVE_ARCH = YES;
				SDKROOT = iphoneos;
				SWIFT_ACTIVE_COMPILATION_CONDITIONS = DEBUG;
				SWIFT_OPTIMIZATION_LEVEL = "-Onone";
			};
			name = Debug;
		};
		C5F648F32803710E003C508B /* Release */ = {
			isa = XCBuildConfiguration;
			buildSettings = {
				ALWAYS_SEARCH_USER_PATHS = NO;
				CLANG_ANALYZER_NONNULL = YES;
				CLANG_ANALYZER_NUMBER_OBJECT_CONVERSION = YES_AGGRESSIVE;
				CLANG_CXX_LANGUAGE_STANDARD = "gnu++17";
				CLANG_ENABLE_MODULES = YES;
				CLANG_ENABLE_OBJC_ARC = YES;
				CLANG_ENABLE_OBJC_WEAK = YES;
				CLANG_WARN_BLOCK_CAPTURE_AUTORELEASING = YES;
				CLANG_WARN_BOOL_CONVERSION = YES;
				CLANG_WARN_COMMA = YES;
				CLANG_WARN_CONSTANT_CONVERSION = YES;
				CLANG_WARN_DEPRECATED_OBJC_IMPLEMENTATIONS = YES;
				CLANG_WARN_DIRECT_OBJC_ISA_USAGE = YES_ERROR;
				CLANG_WARN_DOCUMENTATION_COMMENTS = YES;
				CLANG_WARN_EMPTY_BODY = YES;
				CLANG_WARN_ENUM_CONVERSION = YES;
				CLANG_WARN_INFINITE_RECURSION = YES;
				CLANG_WARN_INT_CONVERSION = YES;
				CLANG_WARN_NON_LITERAL_NULL_CONVERSION = YES;
				CLANG_WARN_OBJC_IMPLICIT_RETAIN_SELF = YES;
				CLANG_WARN_OBJC_LITERAL_CONVERSION = YES;
				CLANG_WARN_OBJC_ROOT_CLASS = YES_ERROR;
				CLANG_WARN_QUOTED_INCLUDE_IN_FRAMEWORK_HEADER = YES;
				CLANG_WARN_RANGE_LOOP_ANALYSIS = YES;
				CLANG_WARN_STRICT_PROTOTYPES = YES;
				CLANG_WARN_SUSPICIOUS_MOVE = YES;
				CLANG_WARN_UNGUARDED_AVAILABILITY = YES_AGGRESSIVE;
				CLANG_WARN_UNREACHABLE_CODE = YES;
				CLANG_WARN__DUPLICATE_METHOD_MATCH = YES;
				COPY_PHASE_STRIP = NO;
				DEBUG_INFORMATION_FORMAT = "dwarf-with-dsym";
				ENABLE_NS_ASSERTIONS = NO;
				ENABLE_STRICT_OBJC_MSGSEND = YES;
				GCC_C_LANGUAGE_STANDARD = gnu11;
				GCC_NO_COMMON_BLOCKS = YES;
				GCC_WARN_64_TO_32_BIT_CONVERSION = YES;
				GCC_WARN_ABOUT_RETURN_TYPE = YES_ERROR;
				GCC_WARN_UNDECLARED_SELECTOR = YES;
				GCC_WARN_UNINITIALIZED_AUTOS = YES_AGGRESSIVE;
				GCC_WARN_UNUSED_FUNCTION = YES;
				GCC_WARN_UNUSED_VARIABLE = YES;
				IPHONEOS_DEPLOYMENT_TARGET = 15.4;
				MTL_ENABLE_DEBUG_INFO = NO;
				MTL_FAST_MATH = YES;
				SDKROOT = iphoneos;
				SWIFT_COMPILATION_MODE = wholemodule;
				SWIFT_OPTIMIZATION_LEVEL = "-O";
				VALIDATE_PRODUCT = YES;
			};
			name = Release;
		};
		C5F648F52803710E003C508B /* Debug */ = {
			isa = XCBuildConfiguration;
			buildSettings = {
				ASSETCATALOG_COMPILER_APPICON_NAME = AppIcon;
				ASSETCATALOG_COMPILER_GLOBAL_ACCENT_COLOR_NAME = AccentColor;
				CODE_SIGN_STYLE = Automatic;
				CURRENT_PROJECT_VERSION = 1;
				DEVELOPMENT_ASSET_PATHS = "\"Scrumdinger/Preview Content\"";
				DEVELOPMENT_TEAM = ZD97Q7SJ7F;
				ENABLE_PREVIEWS = YES;
				GENERATE_INFOPLIST_FILE = YES;
				INFOPLIST_KEY_NSMicrophoneUsageDescription = "Audio is recorded to transcribe the meeting. Audio recordings are discarded after transcription.";
				INFOPLIST_KEY_NSSpeechRecognitionUsageDescription = "You can view a text transcription of your meetings in the app.";
				INFOPLIST_KEY_UIApplicationSceneManifest_Generation = YES;
				INFOPLIST_KEY_UIApplicationSupportsIndirectInputEvents = YES;
				INFOPLIST_KEY_UILaunchScreen_Generation = YES;
				INFOPLIST_KEY_UISupportedInterfaceOrientations_iPad = "UIInterfaceOrientationPortrait UIInterfaceOrientationPortraitUpsideDown UIInterfaceOrientationLandscapeLeft UIInterfaceOrientationLandscapeRight";
				INFOPLIST_KEY_UISupportedInterfaceOrientations_iPhone = "UIInterfaceOrientationPortrait UIInterfaceOrientationLandscapeLeft UIInterfaceOrientationLandscapeRight";
				LD_RUNPATH_SEARCH_PATHS = (
					"$(inherited)",
					"@executable_path/Frameworks",
				);
				MARKETING_VERSION = 1.0;
				PRODUCT_BUNDLE_IDENTIFIER = com.gchammas23.Scrumdinger;
				PRODUCT_NAME = "$(TARGET_NAME)";
				SWIFT_EMIT_LOC_STRINGS = YES;
				SWIFT_VERSION = 5.0;
				TARGETED_DEVICE_FAMILY = "1,2";
			};
			name = Debug;
		};
		C5F648F62803710E003C508B /* Release */ = {
			isa = XCBuildConfiguration;
			buildSettings = {
				ASSETCATALOG_COMPILER_APPICON_NAME = AppIcon;
				ASSETCATALOG_COMPILER_GLOBAL_ACCENT_COLOR_NAME = AccentColor;
				CODE_SIGN_STYLE = Automatic;
				CURRENT_PROJECT_VERSION = 1;
				DEVELOPMENT_ASSET_PATHS = "\"Scrumdinger/Preview Content\"";
				DEVELOPMENT_TEAM = ZD97Q7SJ7F;
				ENABLE_PREVIEWS = YES;
				GENERATE_INFOPLIST_FILE = YES;
				INFOPLIST_KEY_NSMicrophoneUsageDescription = "Audio is recorded to transcribe the meeting. Audio recordings are discarded after transcription.";
				INFOPLIST_KEY_NSSpeechRecognitionUsageDescription = "You can view a text transcription of your meetings in the app.";
				INFOPLIST_KEY_UIApplicationSceneManifest_Generation = YES;
				INFOPLIST_KEY_UIApplicationSupportsIndirectInputEvents = YES;
				INFOPLIST_KEY_UILaunchScreen_Generation = YES;
				INFOPLIST_KEY_UISupportedInterfaceOrientations_iPad = "UIInterfaceOrientationPortrait UIInterfaceOrientationPortraitUpsideDown UIInterfaceOrientationLandscapeLeft UIInterfaceOrientationLandscapeRight";
				INFOPLIST_KEY_UISupportedInterfaceOrientations_iPhone = "UIInterfaceOrientationPortrait UIInterfaceOrientationLandscapeLeft UIInterfaceOrientationLandscapeRight";
				LD_RUNPATH_SEARCH_PATHS = (
					"$(inherited)",
					"@executable_path/Frameworks",
				);
				MARKETING_VERSION = 1.0;
				PRODUCT_BUNDLE_IDENTIFIER = com.gchammas23.Scrumdinger;
				PRODUCT_NAME = "$(TARGET_NAME)";
				SWIFT_EMIT_LOC_STRINGS = YES;
				SWIFT_VERSION = 5.0;
				TARGETED_DEVICE_FAMILY = "1,2";
			};
			name = Release;
		};
		C5F648F82803710E003C508B /* Debug */ = {
			isa = XCBuildConfiguration;
			buildSettings = {
				ALWAYS_EMBED_SWIFT_STANDARD_LIBRARIES = YES;
				BUNDLE_LOADER = "$(TEST_HOST)";
				CODE_SIGN_STYLE = Automatic;
				CURRENT_PROJECT_VERSION = 1;
				DEVELOPMENT_TEAM = ZD97Q7SJ7F;
				GENERATE_INFOPLIST_FILE = YES;
				IPHONEOS_DEPLOYMENT_TARGET = 15.4;
				MARKETING_VERSION = 1.0;
				PRODUCT_BUNDLE_IDENTIFIER = com.gchammas23.ScrumdingerTests;
				PRODUCT_NAME = "$(TARGET_NAME)";
				SWIFT_EMIT_LOC_STRINGS = NO;
				SWIFT_VERSION = 5.0;
				TARGETED_DEVICE_FAMILY = "1,2";
				TEST_HOST = "$(BUILT_PRODUCTS_DIR)/Scrumdinger.app/Scrumdinger";
			};
			name = Debug;
		};
		C5F648F92803710E003C508B /* Release */ = {
			isa = XCBuildConfiguration;
			buildSettings = {
				ALWAYS_EMBED_SWIFT_STANDARD_LIBRARIES = YES;
				BUNDLE_LOADER = "$(TEST_HOST)";
				CODE_SIGN_STYLE = Automatic;
				CURRENT_PROJECT_VERSION = 1;
				DEVELOPMENT_TEAM = ZD97Q7SJ7F;
				GENERATE_INFOPLIST_FILE = YES;
				IPHONEOS_DEPLOYMENT_TARGET = 15.4;
				MARKETING_VERSION = 1.0;
				PRODUCT_BUNDLE_IDENTIFIER = com.gchammas23.ScrumdingerTests;
				PRODUCT_NAME = "$(TARGET_NAME)";
				SWIFT_EMIT_LOC_STRINGS = NO;
				SWIFT_VERSION = 5.0;
				TARGETED_DEVICE_FAMILY = "1,2";
				TEST_HOST = "$(BUILT_PRODUCTS_DIR)/Scrumdinger.app/Scrumdinger";
			};
			name = Release;
		};
		C5F648FB2803710E003C508B /* Debug */ = {
			isa = XCBuildConfiguration;
			buildSettings = {
				ALWAYS_EMBED_SWIFT_STANDARD_LIBRARIES = YES;
				CODE_SIGN_STYLE = Automatic;
				CURRENT_PROJECT_VERSION = 1;
				DEVELOPMENT_TEAM = ZD97Q7SJ7F;
				GENERATE_INFOPLIST_FILE = YES;
				MARKETING_VERSION = 1.0;
				PRODUCT_BUNDLE_IDENTIFIER = com.gchammas23.ScrumdingerUITests;
				PRODUCT_NAME = "$(TARGET_NAME)";
				SWIFT_EMIT_LOC_STRINGS = NO;
				SWIFT_VERSION = 5.0;
				TARGETED_DEVICE_FAMILY = "1,2";
				TEST_TARGET_NAME = Scrumdinger;
			};
			name = Debug;
		};
		C5F648FC2803710E003C508B /* Release */ = {
			isa = XCBuildConfiguration;
			buildSettings = {
				ALWAYS_EMBED_SWIFT_STANDARD_LIBRARIES = YES;
				CODE_SIGN_STYLE = Automatic;
				CURRENT_PROJECT_VERSION = 1;
				DEVELOPMENT_TEAM = ZD97Q7SJ7F;
				GENERATE_INFOPLIST_FILE = YES;
				MARKETING_VERSION = 1.0;
				PRODUCT_BUNDLE_IDENTIFIER = com.gchammas23.ScrumdingerUITests;
				PRODUCT_NAME = "$(TARGET_NAME)";
				SWIFT_EMIT_LOC_STRINGS = NO;
				SWIFT_VERSION = 5.0;
				TARGETED_DEVICE_FAMILY = "1,2";
				TEST_TARGET_NAME = Scrumdinger;
			};
			name = Release;
		};
/* End XCBuildConfiguration section */

/* Begin XCConfigurationList section */
		C5F648CB2803710D003C508B /* Build configuration list for PBXProject "Scrumdinger" */ = {
			isa = XCConfigurationList;
			buildConfigurations = (
				C5F648F22803710E003C508B /* Debug */,
				C5F648F32803710E003C508B /* Release */,
			);
			defaultConfigurationIsVisible = 0;
			defaultConfigurationName = Release;
		};
		C5F648F42803710E003C508B /* Build configuration list for PBXNativeTarget "Scrumdinger" */ = {
			isa = XCConfigurationList;
			buildConfigurations = (
				C5F648F52803710E003C508B /* Debug */,
				C5F648F62803710E003C508B /* Release */,
			);
			defaultConfigurationIsVisible = 0;
			defaultConfigurationName = Release;
		};
		C5F648F72803710E003C508B /* Build configuration list for PBXNativeTarget "ScrumdingerTests" */ = {
			isa = XCConfigurationList;
			buildConfigurations = (
				C5F648F82803710E003C508B /* Debug */,
				C5F648F92803710E003C508B /* Release */,
			);
			defaultConfigurationIsVisible = 0;
			defaultConfigurationName = Release;
		};
		C5F648FA2803710E003C508B /* Build configuration list for PBXNativeTarget "ScrumdingerUITests" */ = {
			isa = XCConfigurationList;
			buildConfigurations = (
				C5F648FB2803710E003C508B /* Debug */,
				C5F648FC2803710E003C508B /* Release */,
			);
			defaultConfigurationIsVisible = 0;
			defaultConfigurationName = Release;
		};
/* End XCConfigurationList section */
	};
	rootObject = C5F648C82803710D003C508B /* Project object */;
}
